// !$*UTF8*$!
{
	archiveVersion = 1;
	classes = {
	};
	objectVersion = 56;
	objects = {

/* Begin PBXBuildFile section */
		9413462E2A55EEDE000D59E1 /* ScrumView.swift in Sources */ = {isa = PBXBuildFile; fileRef = 9413462D2A55EEDE000D59E1 /* ScrumView.swift */; };
		941346302A5601E5000D59E1 /* DetailView.swift in Sources */ = {isa = PBXBuildFile; fileRef = 9413462F2A5601E5000D59E1 /* DetailView.swift */; };
		941346322A5C8040000D59E1 /* DetailEditView.swift in Sources */ = {isa = PBXBuildFile; fileRef = 941346312A5C8040000D59E1 /* DetailEditView.swift */; };
		941346352A5DB06D000D59E1 /* ThemeView.swift in Sources */ = {isa = PBXBuildFile; fileRef = 941346342A5DB06C000D59E1 /* ThemeView.swift */; };
		941346372A5DB372000D59E1 /* ThemePicker.swift in Sources */ = {isa = PBXBuildFile; fileRef = 941346362A5DB372000D59E1 /* ThemePicker.swift */; };
		941346392A5F10DC000D59E1 /* ScrumTimer.swift in Sources */ = {isa = PBXBuildFile; fileRef = 941346382A5F10DC000D59E1 /* ScrumTimer.swift */; };
		9413463B2A5F1133000D59E1 /* AVPlayer+Ding.swift in Sources */ = {isa = PBXBuildFile; fileRef = 9413463A2A5F1133000D59E1 /* AVPlayer+Ding.swift */; };
		9413463D2A5F1A6A000D59E1 /* MeetingHeaderView.swift in Sources */ = {isa = PBXBuildFile; fileRef = 9413463C2A5F1A6A000D59E1 /* MeetingHeaderView.swift */; };
		9413463F2A5F2EBE000D59E1 /* ScrumProgressViewStyle.swift in Sources */ = {isa = PBXBuildFile; fileRef = 9413463E2A5F2EBE000D59E1 /* ScrumProgressViewStyle.swift */; };
		941346412A5F3740000D59E1 /* MeetingFooterView.swift in Sources */ = {isa = PBXBuildFile; fileRef = 941346402A5F3740000D59E1 /* MeetingFooterView.swift */; };
		942E667E2A5F993100622DC2 /* NewScrumSheet.swift in Sources */ = {isa = PBXBuildFile; fileRef = 942E667D2A5F993100622DC2 /* NewScrumSheet.swift */; };
		942E66802A5F9D8000622DC2 /* NewDetailView.swift in Sources */ = {isa = PBXBuildFile; fileRef = 942E667F2A5F9D8000622DC2 /* NewDetailView.swift */; };
		942E66822A5FA74E00622DC2 /* History.swift in Sources */ = {isa = PBXBuildFile; fileRef = 942E66812A5FA74E00622DC2 /* History.swift */; };
		94D6B0BA2A5F8E2A00882996 /* ding.wav in Resources */ = {isa = PBXBuildFile; fileRef = 94D6B0B92A5F8E2A00882996 /* ding.wav */; };
		94EFD7D42A42258C0032AF34 /* ScrumdingerApp.swift in Sources */ = {isa = PBXBuildFile; fileRef = 94EFD7D32A42258C0032AF34 /* ScrumdingerApp.swift */; };
		94EFD7D62A42258C0032AF34 /* MeetingView.swift in Sources */ = {isa = PBXBuildFile; fileRef = 94EFD7D52A42258C0032AF34 /* MeetingView.swift */; };
		94EFD7D82A42258E0032AF34 /* Assets.xcassets in Resources */ = {isa = PBXBuildFile; fileRef = 94EFD7D72A42258E0032AF34 /* Assets.xcassets */; };
		94EFD7DB2A42258E0032AF34 /* Preview Assets.xcassets in Resources */ = {isa = PBXBuildFile; fileRef = 94EFD7DA2A42258E0032AF34 /* Preview Assets.xcassets */; };
		94EFD7E32A4249090032AF34 /* Theme.swift in Sources */ = {isa = PBXBuildFile; fileRef = 94EFD7E22A4249090032AF34 /* Theme.swift */; };
		94EFD7E52A42538B0032AF34 /* DailyScrum.swift in Sources */ = {isa = PBXBuildFile; fileRef = 94EFD7E42A42538B0032AF34 /* DailyScrum.swift */; };
		94EFD7E72A4256870032AF34 /* CardView.swift in Sources */ = {isa = PBXBuildFile; fileRef = 94EFD7E62A4256870032AF34 /* CardView.swift */; };
		94EFD7E92A4261280032AF34 /* TrailingIconLabelStyle.swift in Sources */ = {isa = PBXBuildFile; fileRef = 94EFD7E82A4261280032AF34 /* TrailingIconLabelStyle.swift */; };
/* End PBXBuildFile section */

/* Begin PBXFileReference section */
		9413462D2A55EEDE000D59E1 /* ScrumView.swift */ = {isa = PBXFileReference; lastKnownFileType = sourcecode.swift; path = ScrumView.swift; sourceTree = "<group>"; };
		9413462F2A5601E5000D59E1 /* DetailView.swift */ = {isa = PBXFileReference; lastKnownFileType = sourcecode.swift; path = DetailView.swift; sourceTree = "<group>"; };
		941346312A5C8040000D59E1 /* DetailEditView.swift */ = {isa = PBXFileReference; lastKnownFileType = sourcecode.swift; path = DetailEditView.swift; sourceTree = "<group>"; };
		941346342A5DB06C000D59E1 /* ThemeView.swift */ = {isa = PBXFileReference; lastKnownFileType = sourcecode.swift; path = ThemeView.swift; sourceTree = "<group>"; };
		941346362A5DB372000D59E1 /* ThemePicker.swift */ = {isa = PBXFileReference; lastKnownFileType = sourcecode.swift; path = ThemePicker.swift; sourceTree = "<group>"; };
		941346382A5F10DC000D59E1 /* ScrumTimer.swift */ = {isa = PBXFileReference; lastKnownFileType = sourcecode.swift; path = ScrumTimer.swift; sourceTree = "<group>"; };
		9413463A2A5F1133000D59E1 /* AVPlayer+Ding.swift */ = {isa = PBXFileReference; lastKnownFileType = sourcecode.swift; path = "AVPlayer+Ding.swift"; sourceTree = "<group>"; };
		9413463C2A5F1A6A000D59E1 /* MeetingHeaderView.swift */ = {isa = PBXFileReference; lastKnownFileType = sourcecode.swift; path = MeetingHeaderView.swift; sourceTree = "<group>"; };
		9413463E2A5F2EBE000D59E1 /* ScrumProgressViewStyle.swift */ = {isa = PBXFileReference; lastKnownFileType = sourcecode.swift; path = ScrumProgressViewStyle.swift; sourceTree = "<group>"; };
		941346402A5F3740000D59E1 /* MeetingFooterView.swift */ = {isa = PBXFileReference; lastKnownFileType = sourcecode.swift; path = MeetingFooterView.swift; sourceTree = "<group>"; };
		942E667D2A5F993100622DC2 /* NewScrumSheet.swift */ = {isa = PBXFileReference; lastKnownFileType = sourcecode.swift; path = NewScrumSheet.swift; sourceTree = "<group>"; };
		942E667F2A5F9D8000622DC2 /* NewDetailView.swift */ = {isa = PBXFileReference; lastKnownFileType = sourcecode.swift; path = NewDetailView.swift; sourceTree = "<group>"; };
		942E66812A5FA74E00622DC2 /* History.swift */ = {isa = PBXFileReference; lastKnownFileType = sourcecode.swift; path = History.swift; sourceTree = "<group>"; };
		94D6B0B92A5F8E2A00882996 /* ding.wav */ = {isa = PBXFileReference; lastKnownFileType = audio.wav; name = ding.wav; path = ../../../../../../Downloads/ManagingStateAndLifeCycle/StartingProject/Scrumdinger/Resources/ding.wav; sourceTree = "<group>"; };
		94EFD7D02A42258C0032AF34 /* Scrumdinger.app */ = {isa = PBXFileReference; explicitFileType = wrapper.application; includeInIndex = 0; path = Scrumdinger.app; sourceTree = BUILT_PRODUCTS_DIR; };
		94EFD7D32A42258C0032AF34 /* ScrumdingerApp.swift */ = {isa = PBXFileReference; lastKnownFileType = sourcecode.swift; path = ScrumdingerApp.swift; sourceTree = "<group>"; };
		94EFD7D52A42258C0032AF34 /* MeetingView.swift */ = {isa = PBXFileReference; lastKnownFileType = sourcecode.swift; path = MeetingView.swift; sourceTree = "<group>"; };
		94EFD7D72A42258E0032AF34 /* Assets.xcassets */ = {isa = PBXFileReference; lastKnownFileType = folder.assetcatalog; path = Assets.xcassets; sourceTree = "<group>"; };
		94EFD7DA2A42258E0032AF34 /* Preview Assets.xcassets */ = {isa = PBXFileReference; lastKnownFileType = folder.assetcatalog; path = "Preview Assets.xcassets"; sourceTree = "<group>"; };
		94EFD7E22A4249090032AF34 /* Theme.swift */ = {isa = PBXFileReference; lastKnownFileType = sourcecode.swift; path = Theme.swift; sourceTree = "<group>"; };
		94EFD7E42A42538B0032AF34 /* DailyScrum.swift */ = {isa = PBXFileReference; lastKnownFileType = sourcecode.swift; path = DailyScrum.swift; sourceTree = "<group>"; };
		94EFD7E62A4256870032AF34 /* CardView.swift */ = {isa = PBXFileReference; lastKnownFileType = sourcecode.swift; path = CardView.swift; sourceTree = "<group>"; };
		94EFD7E82A4261280032AF34 /* TrailingIconLabelStyle.swift */ = {isa = PBXFileReference; lastKnownFileType = sourcecode.swift; path = TrailingIconLabelStyle.swift; sourceTree = "<group>"; };
/* End PBXFileReference section */

/* Begin PBXFrameworksBuildPhase section */
		94EFD7CD2A42258C0032AF34 /* Frameworks */ = {
			isa = PBXFrameworksBuildPhase;
			buildActionMask = 2147483647;
			files = (
			);
			runOnlyForDeploymentPostprocessing = 0;
		};
/* End PBXFrameworksBuildPhase section */

/* Begin PBXGroup section */
		941346332A5DAFB1000D59E1 /* Views */ = {
			isa = PBXGroup;
			children = (
				94EFD7E82A4261280032AF34 /* TrailingIconLabelStyle.swift */,
				9413462D2A55EEDE000D59E1 /* ScrumView.swift */,
				9413462F2A5601E5000D59E1 /* DetailView.swift */,
				941346312A5C8040000D59E1 /* DetailEditView.swift */,
				94EFD7E62A4256870032AF34 /* CardView.swift */,
				94EFD7D52A42258C0032AF34 /* MeetingView.swift */,
				941346342A5DB06C000D59E1 /* ThemeView.swift */,
				941346362A5DB372000D59E1 /* ThemePicker.swift */,
				9413463C2A5F1A6A000D59E1 /* MeetingHeaderView.swift */,
				9413463E2A5F2EBE000D59E1 /* ScrumProgressViewStyle.swift */,
				941346402A5F3740000D59E1 /* MeetingFooterView.swift */,
				942E667D2A5F993100622DC2 /* NewScrumSheet.swift */,
				942E667F2A5F9D8000622DC2 /* NewDetailView.swift */,
			);
			path = Views;
			sourceTree = "<group>";
		};
		94D6B0B82A5F8DD300882996 /* Ressources */ = {
			isa = PBXGroup;
			children = (
				94D6B0B92A5F8E2A00882996 /* ding.wav */,
			);
			path = Ressources;
			sourceTree = "<group>";
		};
		94EFD7C72A42258C0032AF34 = {
			isa = PBXGroup;
			children = (
				94EFD7D22A42258C0032AF34 /* Scrumdinger */,
				94EFD7D12A42258C0032AF34 /* Products */,
			);
			sourceTree = "<group>";
		};
		94EFD7D12A42258C0032AF34 /* Products */ = {
			isa = PBXGroup;
			children = (
				94EFD7D02A42258C0032AF34 /* Scrumdinger.app */,
			);
			name = Products;
			sourceTree = "<group>";
		};
		94EFD7D22A42258C0032AF34 /* Scrumdinger */ = {
			isa = PBXGroup;
			children = (
				94D6B0B82A5F8DD300882996 /* Ressources */,
				941346332A5DAFB1000D59E1 /* Views */,
				94EFD7E12A4248E80032AF34 /* Models */,
				94EFD7D32A42258C0032AF34 /* ScrumdingerApp.swift */,
				94EFD7D72A42258E0032AF34 /* Assets.xcassets */,
				94EFD7D92A42258E0032AF34 /* Preview Content */,
			);
			path = Scrumdinger;
			sourceTree = "<group>";
		};
		94EFD7D92A42258E0032AF34 /* Preview Content */ = {
			isa = PBXGroup;
			children = (
				94EFD7DA2A42258E0032AF34 /* Preview Assets.xcassets */,
			);
			path = "Preview Content";
			sourceTree = "<group>";
		};
		94EFD7E12A4248E80032AF34 /* Models */ = {
			isa = PBXGroup;
			children = (
				94EFD7E22A4249090032AF34 /* Theme.swift */,
				94EFD7E42A42538B0032AF34 /* DailyScrum.swift */,
				941346382A5F10DC000D59E1 /* ScrumTimer.swift */,
				9413463A2A5F1133000D59E1 /* AVPlayer+Ding.swift */,
				942E66812A5FA74E00622DC2 /* History.swift */,
			);
			path = Models;
			sourceTree = "<group>";
		};
/* End PBXGroup section */

/* Begin PBXNativeTarget section */
		94EFD7CF2A42258C0032AF34 /* Scrumdinger */ = {
			isa = PBXNativeTarget;
			buildConfigurationList = 94EFD7DE2A42258E0032AF34 /* Build configuration list for PBXNativeTarget "Scrumdinger" */;
			buildPhases = (
				94EFD7CC2A42258C0032AF34 /* Sources */,
				94EFD7CD2A42258C0032AF34 /* Frameworks */,
				94EFD7CE2A42258C0032AF34 /* Resources */,
			);
			buildRules = (
			);
			dependencies = (
			);
			name = Scrumdinger;
			productName = Scrumdinger;
			productReference = 94EFD7D02A42258C0032AF34 /* Scrumdinger.app */;
			productType = "com.apple.product-type.application";
		};
/* End PBXNativeTarget section */

/* Begin PBXProject section */
		94EFD7C82A42258C0032AF34 /* Project object */ = {
			isa = PBXProject;
			attributes = {
				BuildIndependentTargetsInParallel = 1;
				LastSwiftUpdateCheck = 1430;
				LastUpgradeCheck = 1430;
				TargetAttributes = {
					94EFD7CF2A42258C0032AF34 = {
						CreatedOnToolsVersion = 14.3.1;
					};
				};
			};
			buildConfigurationList = 94EFD7CB2A42258C0032AF34 /* Build configuration list for PBXProject "Scrumdinger" */;
			compatibilityVersion = "Xcode 14.0";
			developmentRegion = en;
			hasScannedForEncodings = 0;
			knownRegions = (
				en,
				Base,
			);
			mainGroup = 94EFD7C72A42258C0032AF34;
			productRefGroup = 94EFD7D12A42258C0032AF34 /* Products */;
			projectDirPath = "";
			projectRoot = "";
			targets = (
				94EFD7CF2A42258C0032AF34 /* Scrumdinger */,
			);
		};
/* End PBXProject section */

/* Begin PBXResourcesBuildPhase section */
		94EFD7CE2A42258C0032AF34 /* Resources */ = {
			isa = PBXResourcesBuildPhase;
			buildActionMask = 2147483647;
			files = (
				94D6B0BA2A5F8E2A00882996 /* ding.wav in Resources */,
				94EFD7DB2A42258E0032AF34 /* Preview Assets.xcassets in Resources */,
				94EFD7D82A42258E0032AF34 /* Assets.xcassets in Resources */,
			);
			runOnlyForDeploymentPostprocessing = 0;
		};
/* End PBXResourcesBuildPhase section */

/* Begin PBXSourcesBuildPhase section */
		94EFD7CC2A42258C0032AF34 /* Sources */ = {
			isa = PBXSourcesBuildPhase;
			buildActionMask = 2147483647;
			files = (
				941346372A5DB372000D59E1 /* ThemePicker.swift in Sources */,
				94EFD7E52A42538B0032AF34 /* DailyScrum.swift in Sources */,
				942E66822A5FA74E00622DC2 /* History.swift in Sources */,
				941346302A5601E5000D59E1 /* DetailView.swift in Sources */,
				9413463B2A5F1133000D59E1 /* AVPlayer+Ding.swift in Sources */,
				941346322A5C8040000D59E1 /* DetailEditView.swift in Sources */,
				941346412A5F3740000D59E1 /* MeetingFooterView.swift in Sources */,
				9413462E2A55EEDE000D59E1 /* ScrumView.swift in Sources */,
				94EFD7E92A4261280032AF34 /* TrailingIconLabelStyle.swift in Sources */,
				942E667E2A5F993100622DC2 /* NewScrumSheet.swift in Sources */,
				9413463D2A5F1A6A000D59E1 /* MeetingHeaderView.swift in Sources */,
				9413463F2A5F2EBE000D59E1 /* ScrumProgressViewStyle.swift in Sources */,
				941346392A5F10DC000D59E1 /* ScrumTimer.swift in Sources */,
				94EFD7E32A4249090032AF34 /* Theme.swift in Sources */,
				94EFD7D62A42258C0032AF34 /* MeetingView.swift in Sources */,
				94EFD7D42A42258C0032AF34 /* ScrumdingerApp.swift in Sources */,
				941346352A5DB06D000D59E1 /* ThemeView.swift in Sources */,
				942E66802A5F9D8000622DC2 /* NewDetailView.swift in Sources */,
				94EFD7E72A4256870032AF34 /* CardView.swift in Sources */,
			);
			runOnlyForDeploymentPostprocessing = 0;
		};
/* End PBXSourcesBuildPhase section */

/* Begin XCBuildConfiguration section */
		94EFD7DC2A42258E0032AF34 /* Debug */ = {
			isa = XCBuildConfiguration;
			buildSettings = {
				ALWAYS_SEARCH_USER_PATHS = NO;
				CLANG_ANALYZER_NONNULL = YES;
				CLANG_ANALYZER_NUMBER_OBJECT_CONVERSION = YES_AGGRESSIVE;
				CLANG_CXX_LANGUAGE_STANDARD = "gnu++20";
				CLANG_ENABLE_MODULES = YES;
				CLANG_ENABLE_OBJC_ARC = YES;
				CLANG_ENABLE_OBJC_WEAK = YES;
				CLANG_WARN_BLOCK_CAPTURE_AUTORELEASING = YES;
				CLANG_WARN_BOOL_CONVERSION = YES;
				CLANG_WARN_COMMA = YES;
				CLANG_WARN_CONSTANT_CONVERSION = YES;
				CLANG_WARN_DEPRECATED_OBJC_IMPLEMENTATIONS = YES;
				CLANG_WARN_DIRECT_OBJC_ISA_USAGE = YES_ERROR;
				CLANG_WARN_DOCUMENTATION_COMMENTS = YES;
				CLANG_WARN_EMPTY_BODY = YES;
				CLANG_WARN_ENUM_CONVERSION = YES;
				CLANG_WARN_INFINITE_RECURSION = YES;
				CLANG_WARN_INT_CONVERSION = YES;
				CLANG_WARN_NON_LITERAL_NULL_CONVERSION = YES;
				CLANG_WARN_OBJC_IMPLICIT_RETAIN_SELF = YES;
				CLANG_WARN_OBJC_LITERAL_CONVERSION = YES;
				CLANG_WARN_OBJC_ROOT_CLASS = YES_ERROR;
				CLANG_WARN_QUOTED_INCLUDE_IN_FRAMEWORK_HEADER = YES;
				CLANG_WARN_RANGE_LOOP_ANALYSIS = YES;
				CLANG_WARN_STRICT_PROTOTYPES = YES;
				CLANG_WARN_SUSPICIOUS_MOVE = YES;
				CLANG_WARN_UNGUARDED_AVAILABILITY = YES_AGGRESSIVE;
				CLANG_WARN_UNREACHABLE_CODE = YES;
				CLANG_WARN__DUPLICATE_METHOD_MATCH = YES;
				COPY_PHASE_STRIP = NO;
				DEBUG_INFORMATION_FORMAT = dwarf;
				ENABLE_STRICT_OBJC_MSGSEND = YES;
				ENABLE_TESTABILITY = YES;
				GCC_C_LANGUAGE_STANDARD = gnu11;
				GCC_DYNAMIC_NO_PIC = NO;
				GCC_NO_COMMON_BLOCKS = YES;
				GCC_OPTIMIZATION_LEVEL = 0;
				GCC_PREPROCESSOR_DEFINITIONS = (
					"DEBUG=1",
					"$(inherited)",
				);
				GCC_WARN_64_TO_32_BIT_CONVERSION = YES;
				GCC_WARN_ABOUT_RETURN_TYPE = YES_ERROR;
				GCC_WARN_UNDECLARED_SELECTOR = YES;
				GCC_WARN_UNINITIALIZED_AUTOS = YES_AGGRESSIVE;
				GCC_WARN_UNUSED_FUNCTION = YES;
				GCC_WARN_UNUSED_VARIABLE = YES;
				IPHONEOS_DEPLOYMENT_TARGET = 16.4;
				MTL_ENABLE_DEBUG_INFO = INCLUDE_SOURCE;
				MTL_FAST_MATH = YES;
				ONLY_ACTIVE_ARCH = YES;
				SDKROOT = iphoneos;
				SWIFT_ACTIVE_COMPILATION_CONDITIONS = DEBUG;
				SWIFT_OPTIMIZATION_LEVEL = "-Onone";
			};
			name = Debug;
		};
		94EFD7DD2A42258E0032AF34 /* Release */ = {
			isa = XCBuildConfiguration;
			buildSettings = {
				ALWAYS_SEARCH_USER_PATHS = NO;
				CLANG_ANALYZER_NONNULL = YES;
				CLANG_ANALYZER_NUMBER_OBJECT_CONVERSION = YES_AGGRESSIVE;
				CLANG_CXX_LANGUAGE_STANDARD = "gnu++20";
				CLANG_ENABLE_MODULES = YES;
				CLANG_ENABLE_OBJC_ARC = YES;
				CLANG_ENABLE_OBJC_WEAK = YES;
				CLANG_WARN_BLOCK_CAPTURE_AUTORELEASING = YES;
				CLANG_WARN_BOOL_CONVERSION = YES;
				CLANG_WARN_COMMA = YES;
				CLANG_WARN_CONSTANT_CONVERSION = YES;
				CLANG_WARN_DEPRECATED_OBJC_IMPLEMENTATIONS = YES;
				CLANG_WARN_DIRECT_OBJC_ISA_USAGE = YES_ERROR;
				CLANG_WARN_DOCUMENTATION_COMMENTS = YES;
				CLANG_WARN_EMPTY_BODY = YES;
				CLANG_WARN_ENUM_CONVERSION = YES;
				CLANG_WARN_INFINITE_RECURSION = YES;
				CLANG_WARN_INT_CONVERSION = YES;
				CLANG_WARN_NON_LITERAL_NULL_CONVERSION = YES;
				CLANG_WARN_OBJC_IMPLICIT_RETAIN_SELF = YES;
				CLANG_WARN_OBJC_LITERAL_CONVERSION = YES;
				CLANG_WARN_OBJC_ROOT_CLASS = YES_ERROR;
				CLANG_WARN_QUOTED_INCLUDE_IN_FRAMEWORK_HEADER = YES;
				CLANG_WARN_RANGE_LOOP_ANALYSIS = YES;
				CLANG_WARN_STRICT_PROTOTYPES = YES;
				CLANG_WARN_SUSPICIOUS_MOVE = YES;
				CLANG_WARN_UNGUARDED_AVAILABILITY = YES_AGGRESSIVE;
				CLANG_WARN_UNREACHABLE_CODE = YES;
				CLANG_WARN__DUPLICATE_METHOD_MATCH = YES;
				COPY_PHASE_STRIP = NO;
				DEBUG_INFORMATION_FORMAT = "dwarf-with-dsym";
				ENABLE_NS_ASSERTIONS = NO;
				ENABLE_STRICT_OBJC_MSGSEND = YES;
				GCC_C_LANGUAGE_STANDARD = gnu11;
				GCC_NO_COMMON_BLOCKS = YES;
				GCC_WARN_64_TO_32_BIT_CONVERSION = YES;
				GCC_WARN_ABOUT_RETURN_TYPE = YES_ERROR;
				GCC_WARN_UNDECLARED_SELECTOR = YES;
				GCC_WARN_UNINITIALIZED_AUTOS = YES_AGGRESSIVE;
				GCC_WARN_UNUSED_FUNCTION = YES;
				GCC_WARN_UNUSED_VARIABLE = YES;
				IPHONEOS_DEPLOYMENT_TARGET = 16.4;
				MTL_ENABLE_DEBUG_INFO = NO;
				MTL_FAST_MATH = YES;
				SDKROOT = iphoneos;
				SWIFT_COMPILATION_MODE = wholemodule;
				SWIFT_OPTIMIZATION_LEVEL = "-O";
				VALIDATE_PRODUCT = YES;
			};
			name = Release;
		};
		94EFD7DF2A42258E0032AF34 /* Debug */ = {
			isa = XCBuildConfiguration;
			buildSettings = {
				ASSETCATALOG_COMPILER_APPICON_NAME = AppIcon;
				ASSETCATALOG_COMPILER_GLOBAL_ACCENT_COLOR_NAME = AccentColor;
				CODE_SIGN_STYLE = Automatic;
				CURRENT_PROJECT_VERSION = 1;
				DEVELOPMENT_ASSET_PATHS = "\"Scrumdinger/Preview Content\"";
				ENABLE_PREVIEWS = YES;
				GENERATE_INFOPLIST_FILE = YES;
				INFOPLIST_KEY_UIApplicationSceneManifest_Generation = YES;
				INFOPLIST_KEY_UIApplicationSupportsIndirectInputEvents = YES;
				INFOPLIST_KEY_UILaunchScreen_Generation = YES;
				INFOPLIST_KEY_UISupportedInterfaceOrientations_iPad = "UIInterfaceOrientationPortrait UIInterfaceOrientationPortraitUpsideDown UIInterfaceOrientationLandscapeLeft UIInterfaceOrientationLandscapeRight";
				INFOPLIST_KEY_UISupportedInterfaceOrientations_iPhone = "UIInterfaceOrientationPortrait UIInterfaceOrientationLandscapeLeft UIInterfaceOrientationLandscapeRight";
				LD_RUNPATH_SEARCH_PATHS = (
					"$(inherited)",
					"@executable_path/Frameworks",
				);
				MARKETING_VERSION = 1.0;
				PRODUCT_BUNDLE_IDENTIFIER = com.liuyyn.Scrumdinger;
				PRODUCT_NAME = "$(TARGET_NAME)";
				SWIFT_EMIT_LOC_STRINGS = YES;
				SWIFT_VERSION = 5.0;
				TARGETED_DEVICE_FAMILY = "1,2";
			};
			name = Debug;
		};
		94EFD7E02A42258E0032AF34 /* Release */ = {
			isa = XCBuildConfiguration;
			buildSettings = {
				ASSETCATALOG_COMPILER_APPICON_NAME = AppIcon;
				ASSETCATALOG_COMPILER_GLOBAL_ACCENT_COLOR_NAME = AccentColor;
				CODE_SIGN_STYLE = Automatic;
				CURRENT_PROJECT_VERSION = 1;
				DEVELOPMENT_ASSET_PATHS = "\"Scrumdinger/Preview Content\"";
				ENABLE_PREVIEWS = YES;
				GENERATE_INFOPLIST_FILE = YES;
				INFOPLIST_KEY_UIApplicationSceneManifest_Generation = YES;
				INFOPLIST_KEY_UIApplicationSupportsIndirectInputEvents = YES;
				INFOPLIST_KEY_UILaunchScreen_Generation = YES;
				INFOPLIST_KEY_UISupportedInterfaceOrientations_iPad = "UIInterfaceOrientationPortrait UIInterfaceOrientationPortraitUpsideDown UIInterfaceOrientationLandscapeLeft UIInterfaceOrientationLandscapeRight";
				INFOPLIST_KEY_UISupportedInterfaceOrientations_iPhone = "UIInterfaceOrientationPortrait UIInterfaceOrientationLandscapeLeft UIInterfaceOrientationLandscapeRight";
				LD_RUNPATH_SEARCH_PATHS = (
					"$(inherited)",
					"@executable_path/Frameworks",
				);
				MARKETING_VERSION = 1.0;
				PRODUCT_BUNDLE_IDENTIFIER = com.liuyyn.Scrumdinger;
				PRODUCT_NAME = "$(TARGET_NAME)";
				SWIFT_EMIT_LOC_STRINGS = YES;
				SWIFT_VERSION = 5.0;
				TARGETED_DEVICE_FAMILY = "1,2";
			};
			name = Release;
		};
/* End XCBuildConfiguration section */

/* Begin XCConfigurationList section */
		94EFD7CB2A42258C0032AF34 /* Build configuration list for PBXProject "Scrumdinger" */ = {
			isa = XCConfigurationList;
			buildConfigurations = (
				94EFD7DC2A42258E0032AF34 /* Debug */,
				94EFD7DD2A42258E0032AF34 /* Release */,
			);
			defaultConfigurationIsVisible = 0;
			defaultConfigurationName = Release;
		};
		94EFD7DE2A42258E0032AF34 /* Build configuration list for PBXNativeTarget "Scrumdinger" */ = {
			isa = XCConfigurationList;
			buildConfigurations = (
				94EFD7DF2A42258E0032AF34 /* Debug */,
				94EFD7E02A42258E0032AF34 /* Release */,
			);
			defaultConfigurationIsVisible = 0;
			defaultConfigurationName = Release;
		};
/* End XCConfigurationList section */
	};
	rootObject = 94EFD7C82A42258C0032AF34 /* Project object */;
}
